// !$*UTF8*$!
{
	archiveVersion = 1;
	classes = {
	};
	objectVersion = 55;
	objects = {

/* Begin PBXBuildFile section */
		520D20AE283CE3430051055F /* LandmarksApp.swift in Sources */ = {isa = PBXBuildFile; fileRef = 520D20AD283CE3430051055F /* LandmarksApp.swift */; };
		520D20B0283CE3430051055F /* MainView.swift in Sources */ = {isa = PBXBuildFile; fileRef = 520D20AF283CE3430051055F /* MainView.swift */; };
		520D20B2283CE3450051055F /* Assets.xcassets in Resources */ = {isa = PBXBuildFile; fileRef = 520D20B1283CE3450051055F /* Assets.xcassets */; };
		520D20B5283CE3450051055F /* Preview Assets.xcassets in Resources */ = {isa = PBXBuildFile; fileRef = 520D20B4283CE3450051055F /* Preview Assets.xcassets */; };
		520D20BC283CEEC60051055F /* CircleImage.swift in Sources */ = {isa = PBXBuildFile; fileRef = 520D20BB283CEEC60051055F /* CircleImage.swift */; };
		520D20BE283CF0B40051055F /* MapView.swift in Sources */ = {isa = PBXBuildFile; fileRef = 520D20BD283CF0B40051055F /* MapView.swift */; };
		520D20C0283E08CC0051055F /* landmarkData.json in Resources */ = {isa = PBXBuildFile; fileRef = 520D20BF283E08CB0051055F /* landmarkData.json */; };
		520D20C2283E09100051055F /* Landmark.swift in Sources */ = {isa = PBXBuildFile; fileRef = 520D20C1283E09100051055F /* Landmark.swift */; };
		520D20D2283E41360051055F /* LandmarkRow.swift in Sources */ = {isa = PBXBuildFile; fileRef = 520D20D1283E41360051055F /* LandmarkRow.swift */; };
		520D20D4283E44540051055F /* LandmarkList.swift in Sources */ = {isa = PBXBuildFile; fileRef = 520D20D3283E44540051055F /* LandmarkList.swift */; };
		520D20D6283E4A790051055F /* LandmarkDetail.swift in Sources */ = {isa = PBXBuildFile; fileRef = 520D20D5283E4A790051055F /* LandmarkDetail.swift */; };
		E6EB0F6D286B04ED00737CDB /* ViewModel.swift in Sources */ = {isa = PBXBuildFile; fileRef = E6EB0F6C286B04ED00737CDB /* ViewModel.swift */; };
/* End PBXBuildFile section */

/* Begin PBXFileReference section */
		520D20AA283CE3430051055F /* Landmarks.app */ = {isa = PBXFileReference; explicitFileType = wrapper.application; includeInIndex = 0; path = Landmarks.app; sourceTree = BUILT_PRODUCTS_DIR; };
		520D20AD283CE3430051055F /* LandmarksApp.swift */ = {isa = PBXFileReference; lastKnownFileType = sourcecode.swift; path = LandmarksApp.swift; sourceTree = "<group>"; };
		520D20AF283CE3430051055F /* MainView.swift */ = {isa = PBXFileReference; lastKnownFileType = sourcecode.swift; path = MainView.swift; sourceTree = "<group>"; };
		520D20B1283CE3450051055F /* Assets.xcassets */ = {isa = PBXFileReference; lastKnownFileType = folder.assetcatalog; path = Assets.xcassets; sourceTree = "<group>"; };
		520D20B4283CE3450051055F /* Preview Assets.xcassets */ = {isa = PBXFileReference; lastKnownFileType = folder.assetcatalog; path = "Preview Assets.xcassets"; sourceTree = "<group>"; };
		520D20BB283CEEC60051055F /* CircleImage.swift */ = {isa = PBXFileReference; lastKnownFileType = sourcecode.swift; path = CircleImage.swift; sourceTree = "<group>"; };
		520D20BD283CF0B40051055F /* MapView.swift */ = {isa = PBXFileReference; lastKnownFileType = sourcecode.swift; path = MapView.swift; sourceTree = "<group>"; };
		520D20BF283E08CB0051055F /* landmarkData.json */ = {isa = PBXFileReference; fileEncoding = 4; lastKnownFileType = text.json; path = landmarkData.json; sourceTree = "<group>"; };
		520D20C1283E09100051055F /* Landmark.swift */ = {isa = PBXFileReference; lastKnownFileType = sourcecode.swift; path = Landmark.swift; sourceTree = "<group>"; };
		520D20D1283E41360051055F /* LandmarkRow.swift */ = {isa = PBXFileReference; lastKnownFileType = sourcecode.swift; path = LandmarkRow.swift; sourceTree = "<group>"; };
		520D20D3283E44540051055F /* LandmarkList.swift */ = {isa = PBXFileReference; lastKnownFileType = sourcecode.swift; path = LandmarkList.swift; sourceTree = "<group>"; };
		520D20D5283E4A790051055F /* LandmarkDetail.swift */ = {isa = PBXFileReference; lastKnownFileType = sourcecode.swift; path = LandmarkDetail.swift; sourceTree = "<group>"; };
		E6EB0F6B286AF7DB00737CDB /* PropertyWrappers.md */ = {isa = PBXFileReference; lastKnownFileType = net.daringfireball.markdown; path = PropertyWrappers.md; sourceTree = "<group>"; };
		E6EB0F6C286B04ED00737CDB /* ViewModel.swift */ = {isa = PBXFileReference; lastKnownFileType = sourcecode.swift; path = ViewModel.swift; sourceTree = "<group>"; };
/* End PBXFileReference section */

/* Begin PBXFrameworksBuildPhase section */
		520D20A7283CE3430051055F /* Frameworks */ = {
			isa = PBXFrameworksBuildPhase;
			buildActionMask = 2147483647;
			files = (
			);
			runOnlyForDeploymentPostprocessing = 0;
		};
/* End PBXFrameworksBuildPhase section */

/* Begin PBXGroup section */
		520D20A1283CE3430051055F = {
			isa = PBXGroup;
			children = (
				520D20AC283CE3430051055F /* Landmarks */,
				520D20AB283CE3430051055F /* Products */,
			);
			sourceTree = "<group>";
		};
		520D20AB283CE3430051055F /* Products */ = {
			isa = PBXGroup;
			children = (
				520D20AA283CE3430051055F /* Landmarks.app */,
			);
			name = Products;
			sourceTree = "<group>";
		};
		520D20AC283CE3430051055F /* Landmarks */ = {
			isa = PBXGroup;
			children = (
				520D20AD283CE3430051055F /* LandmarksApp.swift */,
				520D20C3283E17A00051055F /* Model */,
				520D20C4283E17B00051055F /* Views */,
				520D20D0283E3FFD0051055F /* Resources */,
				520D20B1283CE3450051055F /* Assets.xcassets */,
				520D20B3283CE3450051055F /* Preview Content */,
				E6EB0F6B286AF7DB00737CDB /* PropertyWrappers.md */,
			);
			path = Landmarks;
			sourceTree = "<group>";
		};
		520D20B3283CE3450051055F /* Preview Content */ = {
			isa = PBXGroup;
			children = (
				520D20B4283CE3450051055F /* Preview Assets.xcassets */,
			);
			path = "Preview Content";
			sourceTree = "<group>";
		};
		520D20C3283E17A00051055F /* Model */ = {
			isa = PBXGroup;
			children = (
				520D20C1283E09100051055F /* Landmark.swift */,
				E6EB0F6C286B04ED00737CDB /* ViewModel.swift */,
			);
			path = Model;
			sourceTree = "<group>";
		};
		520D20C4283E17B00051055F /* Views */ = {
			isa = PBXGroup;
			children = (
				520D20AF283CE3430051055F /* MainView.swift */,
				520D20BB283CEEC60051055F /* CircleImage.swift */,
				520D20BD283CF0B40051055F /* MapView.swift */,
				520D20D1283E41360051055F /* LandmarkRow.swift */,
				520D20D3283E44540051055F /* LandmarkList.swift */,
				520D20D5283E4A790051055F /* LandmarkDetail.swift */,
			);
			path = Views;
			sourceTree = "<group>";
		};
		520D20D0283E3FFD0051055F /* Resources */ = {
			isa = PBXGroup;
			children = (
				520D20BF283E08CB0051055F /* landmarkData.json */,
			);
			path = Resources;
			sourceTree = "<group>";
		};
/* End PBXGroup section */

/* Begin PBXNativeTarget section */
		520D20A9283CE3430051055F /* Landmarks */ = {
			isa = PBXNativeTarget;
			buildConfigurationList = 520D20B8283CE3450051055F /* Build configuration list for PBXNativeTarget "Landmarks" */;
			buildPhases = (
				520D20A6283CE3430051055F /* Sources */,
				520D20A7283CE3430051055F /* Frameworks */,
				520D20A8283CE3430051055F /* Resources */,
			);
			buildRules = (
			);
			dependencies = (
			);
			name = Landmarks;
			productName = Landmarks;
			productReference = 520D20AA283CE3430051055F /* Landmarks.app */;
			productType = "com.apple.product-type.application";
		};
/* End PBXNativeTarget section */

/* Begin PBXProject section */
		520D20A2283CE3430051055F /* Project object */ = {
			isa = PBXProject;
			attributes = {
				BuildIndependentTargetsInParallel = 1;
				LastSwiftUpdateCheck = 1330;
				LastUpgradeCheck = 1330;
				TargetAttributes = {
					520D20A9283CE3430051055F = {
						CreatedOnToolsVersion = 13.3;
					};
				};
			};
			buildConfigurationList = 520D20A5283CE3430051055F /* Build configuration list for PBXProject "Landmarks" */;
			compatibilityVersion = "Xcode 13.0";
			developmentRegion = en;
			hasScannedForEncodings = 0;
			knownRegions = (
				en,
				Base,
			);
			mainGroup = 520D20A1283CE3430051055F;
			productRefGroup = 520D20AB283CE3430051055F /* Products */;
			projectDirPath = "";
			projectRoot = "";
			targets = (
				520D20A9283CE3430051055F /* Landmarks */,
			);
		};
/* End PBXProject section */

/* Begin PBXResourcesBuildPhase section */
		520D20A8283CE3430051055F /* Resources */ = {
			isa = PBXResourcesBuildPhase;
			buildActionMask = 2147483647;
			files = (
				520D20B5283CE3450051055F /* Preview Assets.xcassets in Resources */,
				520D20B2283CE3450051055F /* Assets.xcassets in Resources */,
				520D20C0283E08CC0051055F /* landmarkData.json in Resources */,
			);
			runOnlyForDeploymentPostprocessing = 0;
		};
/* End PBXResourcesBuildPhase section */

/* Begin PBXSourcesBuildPhase section */
		520D20A6283CE3430051055F /* Sources */ = {
			isa = PBXSourcesBuildPhase;
			buildActionMask = 2147483647;
			files = (
				E6EB0F6D286B04ED00737CDB /* ViewModel.swift in Sources */,
				520D20B0283CE3430051055F /* MainView.swift in Sources */,
				520D20BE283CF0B40051055F /* MapView.swift in Sources */,
				520D20AE283CE3430051055F /* LandmarksApp.swift in Sources */,
				520D20D4283E44540051055F /* LandmarkList.swift in Sources */,
				520D20D6283E4A790051055F /* LandmarkDetail.swift in Sources */,
				520D20BC283CEEC60051055F /* CircleImage.swift in Sources */,
				520D20C2283E09100051055F /* Landmark.swift in Sources */,
				520D20D2283E41360051055F /* LandmarkRow.swift in Sources */,
			);
			runOnlyForDeploymentPostprocessing = 0;
		};
/* End PBXSourcesBuildPhase section */

/* Begin XCBuildConfiguration section */
		520D20B6283CE3450051055F /* Debug */ = {
			isa = XCBuildConfiguration;
			buildSettings = {
				ALWAYS_SEARCH_USER_PATHS = NO;
				CLANG_ANALYZER_NONNULL = YES;
				CLANG_ANALYZER_NUMBER_OBJECT_CONVERSION = YES_AGGRESSIVE;
				CLANG_CXX_LANGUAGE_STANDARD = "gnu++17";
				CLANG_ENABLE_MODULES = YES;
				CLANG_ENABLE_OBJC_ARC = YES;
				CLANG_ENABLE_OBJC_WEAK = YES;
				CLANG_WARN_BLOCK_CAPTURE_AUTORELEASING = YES;
				CLANG_WARN_BOOL_CONVERSION = YES;
				CLANG_WARN_COMMA = YES;
				CLANG_WARN_CONSTANT_CONVERSION = YES;
				CLANG_WARN_DEPRECATED_OBJC_IMPLEMENTATIONS = YES;
				CLANG_WARN_DIRECT_OBJC_ISA_USAGE = YES_ERROR;
				CLANG_WARN_DOCUMENTATION_COMMENTS = YES;
				CLANG_WARN_EMPTY_BODY = YES;
				CLANG_WARN_ENUM_CONVERSION = YES;
				CLANG_WARN_INFINITE_RECURSION = YES;
				CLANG_WARN_INT_CONVERSION = YES;
				CLANG_WARN_NON_LITERAL_NULL_CONVERSION = YES;
				CLANG_WARN_OBJC_IMPLICIT_RETAIN_SELF = YES;
				CLANG_WARN_OBJC_LITERAL_CONVERSION = YES;
				CLANG_WARN_OBJC_ROOT_CLASS = YES_ERROR;
				CLANG_WARN_QUOTED_INCLUDE_IN_FRAMEWORK_HEADER = YES;
				CLANG_WARN_RANGE_LOOP_ANALYSIS = YES;
				CLANG_WARN_STRICT_PROTOTYPES = YES;
				CLANG_WARN_SUSPICIOUS_MOVE = YES;
				CLANG_WARN_UNGUARDED_AVAILABILITY = YES_AGGRESSIVE;
				CLANG_WARN_UNREACHABLE_CODE = YES;
				CLANG_WARN__DUPLICATE_METHOD_MATCH = YES;
				COPY_PHASE_STRIP = NO;
				DEBUG_INFORMATION_FORMAT = dwarf;
				ENABLE_STRICT_OBJC_MSGSEND = YES;
				ENABLE_TESTABILITY = YES;
				GCC_C_LANGUAGE_STANDARD = gnu11;
				GCC_DYNAMIC_NO_PIC = NO;
				GCC_NO_COMMON_BLOCKS = YES;
				GCC_OPTIMIZATION_LEVEL = 0;
				GCC_PREPROCESSOR_DEFINITIONS = (
					"DEBUG=1",
					"$(inherited)",
				);
				GCC_WARN_64_TO_32_BIT_CONVERSION = YES;
				GCC_WARN_ABOUT_RETURN_TYPE = YES_ERROR;
				GCC_WARN_UNDECLARED_SELECTOR = YES;
				GCC_WARN_UNINITIALIZED_AUTOS = YES_AGGRESSIVE;
				GCC_WARN_UNUSED_FUNCTION = YES;
				GCC_WARN_UNUSED_VARIABLE = YES;
				IPHONEOS_DEPLOYMENT_TARGET = 15.4;
				MTL_ENABLE_DEBUG_INFO = INCLUDE_SOURCE;
				MTL_FAST_MATH = YES;
				ONLY_ACTIVE_ARCH = YES;
				SDKROOT = iphoneos;
				SWIFT_ACTIVE_COMPILATION_CONDITIONS = DEBUG;
				SWIFT_OPTIMIZATION_LEVEL = "-Onone";
			};
			name = Debug;
		};
		520D20B7283CE3450051055F /* Release */ = {
			isa = XCBuildConfiguration;
			buildSettings = {
				ALWAYS_SEARCH_USER_PATHS = NO;
				CLANG_ANALYZER_NONNULL = YES;
				CLANG_ANALYZER_NUMBER_OBJECT_CONVERSION = YES_AGGRESSIVE;
				CLANG_CXX_LANGUAGE_STANDARD = "gnu++17";
				CLANG_ENABLE_MODULES = YES;
				CLANG_ENABLE_OBJC_ARC = YES;
				CLANG_ENABLE_OBJC_WEAK = YES;
				CLANG_WARN_BLOCK_CAPTURE_AUTORELEASING = YES;
				CLANG_WARN_BOOL_CONVERSION = YES;
				CLANG_WARN_COMMA = YES;
				CLANG_WARN_CONSTANT_CONVERSION = YES;
				CLANG_WARN_DEPRECATED_OBJC_IMPLEMENTATIONS = YES;
				CLANG_WARN_DIRECT_OBJC_ISA_USAGE = YES_ERROR;
				CLANG_WARN_DOCUMENTATION_COMMENTS = YES;
				CLANG_WARN_EMPTY_BODY = YES;
				CLANG_WARN_ENUM_CONVERSION = YES;
				CLANG_WARN_INFINITE_RECURSION = YES;
				CLANG_WARN_INT_CONVERSION = YES;
				CLANG_WARN_NON_LITERAL_NULL_CONVERSION = YES;
				CLANG_WARN_OBJC_IMPLICIT_RETAIN_SELF = YES;
				CLANG_WARN_OBJC_LITERAL_CONVERSION = YES;
				CLANG_WARN_OBJC_ROOT_CLASS = YES_ERROR;
				CLANG_WARN_QUOTED_INCLUDE_IN_FRAMEWORK_HEADER = YES;
				CLANG_WARN_RANGE_LOOP_ANALYSIS = YES;
				CLANG_WARN_STRICT_PROTOTYPES = YES;
				CLANG_WARN_SUSPICIOUS_MOVE = YES;
				CLANG_WARN_UNGUARDED_AVAILABILITY = YES_AGGRESSIVE;
				CLANG_WARN_UNREACHABLE_CODE = YES;
				CLANG_WARN__DUPLICATE_METHOD_MATCH = YES;
				COPY_PHASE_STRIP = NO;
				DEBUG_INFORMATION_FORMAT = "dwarf-with-dsym";
				ENABLE_NS_ASSERTIONS = NO;
				ENABLE_STRICT_OBJC_MSGSEND = YES;
				GCC_C_LANGUAGE_STANDARD = gnu11;
				GCC_NO_COMMON_BLOCKS = YES;
				GCC_WARN_64_TO_32_BIT_CONVERSION = YES;
				GCC_WARN_ABOUT_RETURN_TYPE = YES_ERROR;
				GCC_WARN_UNDECLARED_SELECTOR = YES;
				GCC_WARN_UNINITIALIZED_AUTOS = YES_AGGRESSIVE;
				GCC_WARN_UNUSED_FUNCTION = YES;
				GCC_WARN_UNUSED_VARIABLE = YES;
				IPHONEOS_DEPLOYMENT_TARGET = 15.4;
				MTL_ENABLE_DEBUG_INFO = NO;
				MTL_FAST_MATH = YES;
				SDKROOT = iphoneos;
				SWIFT_COMPILATION_MODE = wholemodule;
				SWIFT_OPTIMIZATION_LEVEL = "-O";
				VALIDATE_PRODUCT = YES;
			};
			name = Release;
		};
		520D20B9283CE3450051055F /* Debug */ = {
			isa = XCBuildConfiguration;
			buildSettings = {
				ASSETCATALOG_COMPILER_APPICON_NAME = AppIcon;
				ASSETCATALOG_COMPILER_GLOBAL_ACCENT_COLOR_NAME = AccentColor;
				CODE_SIGN_IDENTITY = "Apple Development";
				CODE_SIGN_STYLE = Automatic;
				CURRENT_PROJECT_VERSION = 1;
				DEVELOPMENT_ASSET_PATHS = "\"Landmarks/Preview Content\"";
				DEVELOPMENT_TEAM = H989CQXPY2;
				ENABLE_PREVIEWS = YES;
				GENERATE_INFOPLIST_FILE = YES;
				INFOPLIST_KEY_UIApplicationSceneManifest_Generation = YES;
				INFOPLIST_KEY_UIApplicationSupportsIndirectInputEvents = YES;
				INFOPLIST_KEY_UILaunchScreen_Generation = YES;
				INFOPLIST_KEY_UISupportedInterfaceOrientations_iPad = "UIInterfaceOrientationPortrait UIInterfaceOrientationPortraitUpsideDown UIInterfaceOrientationLandscapeLeft UIInterfaceOrientationLandscapeRight";
				INFOPLIST_KEY_UISupportedInterfaceOrientations_iPhone = "UIInterfaceOrientationPortrait UIInterfaceOrientationLandscapeLeft UIInterfaceOrientationLandscapeRight";
				LD_RUNPATH_SEARCH_PATHS = (
					"$(inherited)",
					"@executable_path/Frameworks",
				);
				MARKETING_VERSION = 1.0;
				PRODUCT_BUNDLE_IDENTIFIER = com.shady.tes;
				PRODUCT_NAME = "$(TARGET_NAME)";
				PROVISIONING_PROFILE_SPECIFIER = "";
				SWIFT_EMIT_LOC_STRINGS = YES;
				SWIFT_VERSION = 5.0;
				TARGETED_DEVICE_FAMILY = "1,2";
			};
			name = Debug;
		};
		520D20BA283CE3450051055F /* Release */ = {
			isa = XCBuildConfiguration;
			buildSettings = {
				ASSETCATALOG_COMPILER_APPICON_NAME = AppIcon;
				ASSETCATALOG_COMPILER_GLOBAL_ACCENT_COLOR_NAME = AccentColor;
				CODE_SIGN_IDENTITY = "Apple Development";
				CODE_SIGN_STYLE = Automatic;
				CURRENT_PROJECT_VERSION = 1;
				DEVELOPMENT_ASSET_PATHS = "\"Landmarks/Preview Content\"";
				DEVELOPMENT_TEAM = H989CQXPY2;
				ENABLE_PREVIEWS = YES;
				GENERATE_INFOPLIST_FILE = YES;
				INFOPLIST_KEY_UIApplicationSceneManifest_Generation = YES;
				INFOPLIST_KEY_UIApplicationSupportsIndirectInputEvents = YES;
				INFOPLIST_KEY_UILaunchScreen_Generation = YES;
				INFOPLIST_KEY_UISupportedInterfaceOrientations_iPad = "UIInterfaceOrientationPortrait UIInterfaceOrientationPortraitUpsideDown UIInterfaceOrientationLandscapeLeft UIInterfaceOrientationLandscapeRight";
				INFOPLIST_KEY_UISupportedInterfaceOrientations_iPhone = "UIInterfaceOrientationPortrait UIInterfaceOrientationLandscapeLeft UIInterfaceOrientationLandscapeRight";
				LD_RUNPATH_SEARCH_PATHS = (
					"$(inherited)",
					"@executable_path/Frameworks",
				);
				MARKETING_VERSION = 1.0;
				PRODUCT_BUNDLE_IDENTIFIER = com.shady.tes;
				PRODUCT_NAME = "$(TARGET_NAME)";
				PROVISIONING_PROFILE_SPECIFIER = "";
				SWIFT_EMIT_LOC_STRINGS = YES;
				SWIFT_VERSION = 5.0;
				TARGETED_DEVICE_FAMILY = "1,2";
			};
			name = Release;
		};
/* End XCBuildConfiguration section */

/* Begin XCConfigurationList section */
		520D20A5283CE3430051055F /* Build configuration list for PBXProject "Landmarks" */ = {
			isa = XCConfigurationList;
			buildConfigurations = (
				520D20B6283CE3450051055F /* Debug */,
				520D20B7283CE3450051055F /* Release */,
			);
			defaultConfigurationIsVisible = 0;
			defaultConfigurationName = Release;
		};
		520D20B8283CE3450051055F /* Build configuration list for PBXNativeTarget "Landmarks" */ = {
			isa = XCConfigurationList;
			buildConfigurations = (
				520D20B9283CE3450051055F /* Debug */,
				520D20BA283CE3450051055F /* Release */,
			);
			defaultConfigurationIsVisible = 0;
			defaultConfigurationName = Release;
		};
/* End XCConfigurationList section */
	};
	rootObject = 520D20A2283CE3430051055F /* Project object */;
}
