// !$*UTF8*$!
{
	archiveVersion = 1;
	classes = {
	};
	objectVersion = 55;
	objects = {

/* Begin PBXBuildFile section */
		71004F16289149140051795C /* bindingApp.swift in Sources */ = {isa = PBXBuildFile; fileRef = 71004F15289149140051795C /* bindingApp.swift */; };
		71004F18289149140051795C /* ContentView.swift in Sources */ = {isa = PBXBuildFile; fileRef = 71004F17289149140051795C /* ContentView.swift */; };
		71004F1A289149160051795C /* Assets.xcassets in Resources */ = {isa = PBXBuildFile; fileRef = 71004F19289149160051795C /* Assets.xcassets */; };
		71004F1D289149160051795C /* Preview Assets.xcassets in Resources */ = {isa = PBXBuildFile; fileRef = 71004F1C289149160051795C /* Preview Assets.xcassets */; };
		71004F4028914CDC0051795C /* choice page.swift in Sources */ = {isa = PBXBuildFile; fileRef = 71004F3F28914CDC0051795C /* choice page.swift */; };
/* End PBXBuildFile section */

/* Begin PBXContainerItemProxy section */
		71004F23289149160051795C /* PBXContainerItemProxy */ = {
			isa = PBXContainerItemProxy;
			containerPortal = 71004F0A289149140051795C /* Project object */;
			proxyType = 1;
			remoteGlobalIDString = 71004F11289149140051795C;
			remoteInfo = binding;
		};
		71004F2D289149160051795C /* PBXContainerItemProxy */ = {
			isa = PBXContainerItemProxy;
			containerPortal = 71004F0A289149140051795C /* Project object */;
			proxyType = 1;
			remoteGlobalIDString = 71004F11289149140051795C;
			remoteInfo = binding;
		};
/* End PBXContainerItemProxy section */

/* Begin PBXFileReference section */
		71004F12289149140051795C /* binding.app */ = {isa = PBXFileReference; explicitFileType = wrapper.application; includeInIndex = 0; path = binding.app; sourceTree = BUILT_PRODUCTS_DIR; };
		71004F15289149140051795C /* bindingApp.swift */ = {isa = PBXFileReference; lastKnownFileType = sourcecode.swift; path = bindingApp.swift; sourceTree = "<group>"; };
		71004F17289149140051795C /* ContentView.swift */ = {isa = PBXFileReference; lastKnownFileType = sourcecode.swift; path = ContentView.swift; sourceTree = "<group>"; };
		71004F19289149160051795C /* Assets.xcassets */ = {isa = PBXFileReference; lastKnownFileType = folder.assetcatalog; path = Assets.xcassets; sourceTree = "<group>"; };
		71004F1C289149160051795C /* Preview Assets.xcassets */ = {isa = PBXFileReference; lastKnownFileType = folder.assetcatalog; path = "Preview Assets.xcassets"; sourceTree = "<group>"; };
		71004F22289149160051795C /* bindingTests.xctest */ = {isa = PBXFileReference; explicitFileType = wrapper.cfbundle; includeInIndex = 0; path = bindingTests.xctest; sourceTree = BUILT_PRODUCTS_DIR; };
		71004F2C289149160051795C /* bindingUITests.xctest */ = {isa = PBXFileReference; explicitFileType = wrapper.cfbundle; includeInIndex = 0; path = bindingUITests.xctest; sourceTree = BUILT_PRODUCTS_DIR; };
		71004F3F28914CDC0051795C /* choice page.swift */ = {isa = PBXFileReference; lastKnownFileType = sourcecode.swift; path = "choice page.swift"; sourceTree = "<group>"; };
/* End PBXFileReference section */

/* Begin PBXFrameworksBuildPhase section */
		71004F0F289149140051795C /* Frameworks */ = {
			isa = PBXFrameworksBuildPhase;
			buildActionMask = 2147483647;
			files = (
			);
			runOnlyForDeploymentPostprocessing = 0;
		};
		71004F1F289149160051795C /* Frameworks */ = {
			isa = PBXFrameworksBuildPhase;
			buildActionMask = 2147483647;
			files = (
			);
			runOnlyForDeploymentPostprocessing = 0;
		};
		71004F29289149160051795C /* Frameworks */ = {
			isa = PBXFrameworksBuildPhase;
			buildActionMask = 2147483647;
			files = (
			);
			runOnlyForDeploymentPostprocessing = 0;
		};
/* End PBXFrameworksBuildPhase section */

/* Begin PBXGroup section */
		71004F09289149140051795C = {
			isa = PBXGroup;
			children = (
				71004F14289149140051795C /* binding */,
				71004F13289149140051795C /* Products */,
			);
			sourceTree = "<group>";
		};
		71004F13289149140051795C /* Products */ = {
			isa = PBXGroup;
			children = (
				71004F12289149140051795C /* binding.app */,
				71004F22289149160051795C /* bindingTests.xctest */,
				71004F2C289149160051795C /* bindingUITests.xctest */,
			);
			name = Products;
			sourceTree = "<group>";
		};
		71004F14289149140051795C /* binding */ = {
			isa = PBXGroup;
			children = (
				71004F15289149140051795C /* bindingApp.swift */,
				71004F17289149140051795C /* ContentView.swift */,
				71004F3F28914CDC0051795C /* choice page.swift */,
				71004F19289149160051795C /* Assets.xcassets */,
				71004F1B289149160051795C /* Preview Content */,
			);
			path = binding;
			sourceTree = "<group>";
		};
		71004F1B289149160051795C /* Preview Content */ = {
			isa = PBXGroup;
			children = (
				71004F1C289149160051795C /* Preview Assets.xcassets */,
			);
			path = "Preview Content";
			sourceTree = "<group>";
		};
/* End PBXGroup section */

/* Begin PBXNativeTarget section */
		71004F11289149140051795C /* binding */ = {
			isa = PBXNativeTarget;
			buildConfigurationList = 71004F36289149160051795C /* Build configuration list for PBXNativeTarget "binding" */;
			buildPhases = (
				71004F0E289149140051795C /* Sources */,
				71004F0F289149140051795C /* Frameworks */,
				71004F10289149140051795C /* Resources */,
			);
			buildRules = (
			);
			dependencies = (
			);
			name = binding;
			productName = binding;
			productReference = 71004F12289149140051795C /* binding.app */;
			productType = "com.apple.product-type.application";
		};
		71004F21289149160051795C /* bindingTests */ = {
			isa = PBXNativeTarget;
			buildConfigurationList = 71004F39289149160051795C /* Build configuration list for PBXNativeTarget "bindingTests" */;
			buildPhases = (
				71004F1E289149160051795C /* Sources */,
				71004F1F289149160051795C /* Frameworks */,
				71004F20289149160051795C /* Resources */,
			);
			buildRules = (
			);
			dependencies = (
				71004F24289149160051795C /* PBXTargetDependency */,
			);
			name = bindingTests;
			productName = bindingTests;
			productReference = 71004F22289149160051795C /* bindingTests.xctest */;
			productType = "com.apple.product-type.bundle.unit-test";
		};
		71004F2B289149160051795C /* bindingUITests */ = {
			isa = PBXNativeTarget;
			buildConfigurationList = 71004F3C289149160051795C /* Build configuration list for PBXNativeTarget "bindingUITests" */;
			buildPhases = (
				71004F28289149160051795C /* Sources */,
				71004F29289149160051795C /* Frameworks */,
				71004F2A289149160051795C /* Resources */,
			);
			buildRules = (
			);
			dependencies = (
				71004F2E289149160051795C /* PBXTargetDependency */,
			);
			name = bindingUITests;
			productName = bindingUITests;
			productReference = 71004F2C289149160051795C /* bindingUITests.xctest */;
			productType = "com.apple.product-type.bundle.ui-testing";
		};
/* End PBXNativeTarget section */

/* Begin PBXProject section */
		71004F0A289149140051795C /* Project object */ = {
			isa = PBXProject;
			attributes = {
				BuildIndependentTargetsInParallel = 1;
				LastSwiftUpdateCheck = 1340;
				LastUpgradeCheck = 1340;
				TargetAttributes = {
					71004F11289149140051795C = {
						CreatedOnToolsVersion = 13.4.1;
					};
					71004F21289149160051795C = {
						CreatedOnToolsVersion = 13.4.1;
						TestTargetID = 71004F11289149140051795C;
					};
					71004F2B289149160051795C = {
						CreatedOnToolsVersion = 13.4.1;
						TestTargetID = 71004F11289149140051795C;
					};
				};
			};
			buildConfigurationList = 71004F0D289149140051795C /* Build configuration list for PBXProject "binding" */;
			compatibilityVersion = "Xcode 13.0";
			developmentRegion = en;
			hasScannedForEncodings = 0;
			knownRegions = (
				en,
				Base,
			);
			mainGroup = 71004F09289149140051795C;
			productRefGroup = 71004F13289149140051795C /* Products */;
			projectDirPath = "";
			projectRoot = "";
			targets = (
				71004F11289149140051795C /* binding */,
				71004F21289149160051795C /* bindingTests */,
				71004F2B289149160051795C /* bindingUITests */,
			);
		};
/* End PBXProject section */

/* Begin PBXResourcesBuildPhase section */
		71004F10289149140051795C /* Resources */ = {
			isa = PBXResourcesBuildPhase;
			buildActionMask = 2147483647;
			files = (
				71004F1D289149160051795C /* Preview Assets.xcassets in Resources */,
				71004F1A289149160051795C /* Assets.xcassets in Resources */,
			);
			runOnlyForDeploymentPostprocessing = 0;
		};
		71004F20289149160051795C /* Resources */ = {
			isa = PBXResourcesBuildPhase;
			buildActionMask = 2147483647;
			files = (
			);
			runOnlyForDeploymentPostprocessing = 0;
		};
		71004F2A289149160051795C /* Resources */ = {
			isa = PBXResourcesBuildPhase;
			buildActionMask = 2147483647;
			files = (
			);
			runOnlyForDeploymentPostprocessing = 0;
		};
/* End PBXResourcesBuildPhase section */

/* Begin PBXSourcesBuildPhase section */
		71004F0E289149140051795C /* Sources */ = {
			isa = PBXSourcesBuildPhase;
			buildActionMask = 2147483647;
			files = (
				71004F18289149140051795C /* ContentView.swift in Sources */,
				71004F4028914CDC0051795C /* choice page.swift in Sources */,
				71004F16289149140051795C /* bindingApp.swift in Sources */,
			);
			runOnlyForDeploymentPostprocessing = 0;
		};
		71004F1E289149160051795C /* Sources */ = {
			isa = PBXSourcesBuildPhase;
			buildActionMask = 2147483647;
			files = (
			);
			runOnlyForDeploymentPostprocessing = 0;
		};
		71004F28289149160051795C /* Sources */ = {
			isa = PBXSourcesBuildPhase;
			buildActionMask = 2147483647;
			files = (
			);
			runOnlyForDeploymentPostprocessing = 0;
		};
/* End PBXSourcesBuildPhase section */

/* Begin PBXTargetDependency section */
		71004F24289149160051795C /* PBXTargetDependency */ = {
			isa = PBXTargetDependency;
			target = 71004F11289149140051795C /* binding */;
			targetProxy = 71004F23289149160051795C /* PBXContainerItemProxy */;
		};
		71004F2E289149160051795C /* PBXTargetDependency */ = {
			isa = PBXTargetDependency;
			target = 71004F11289149140051795C /* binding */;
			targetProxy = 71004F2D289149160051795C /* PBXContainerItemProxy */;
		};
/* End PBXTargetDependency section */

/* Begin XCBuildConfiguration section */
		71004F34289149160051795C /* Debug */ = {
			isa = XCBuildConfiguration;
			buildSettings = {
				ALWAYS_SEARCH_USER_PATHS = NO;
				CLANG_ANALYZER_NONNULL = YES;
				CLANG_ANALYZER_NUMBER_OBJECT_CONVERSION = YES_AGGRESSIVE;
				CLANG_CXX_LANGUAGE_STANDARD = "gnu++17";
				CLANG_ENABLE_MODULES = YES;
				CLANG_ENABLE_OBJC_ARC = YES;
				CLANG_ENABLE_OBJC_WEAK = YES;
				CLANG_WARN_BLOCK_CAPTURE_AUTORELEASING = YES;
				CLANG_WARN_BOOL_CONVERSION = YES;
				CLANG_WARN_COMMA = YES;
				CLANG_WARN_CONSTANT_CONVERSION = YES;
				CLANG_WARN_DEPRECATED_OBJC_IMPLEMENTATIONS = YES;
				CLANG_WARN_DIRECT_OBJC_ISA_USAGE = YES_ERROR;
				CLANG_WARN_DOCUMENTATION_COMMENTS = YES;
				CLANG_WARN_EMPTY_BODY = YES;
				CLANG_WARN_ENUM_CONVERSION = YES;
				CLANG_WARN_INFINITE_RECURSION = YES;
				CLANG_WARN_INT_CONVERSION = YES;
				CLANG_WARN_NON_LITERAL_NULL_CONVERSION = YES;
				CLANG_WARN_OBJC_IMPLICIT_RETAIN_SELF = YES;
				CLANG_WARN_OBJC_LITERAL_CONVERSION = YES;
				CLANG_WARN_OBJC_ROOT_CLASS = YES_ERROR;
				CLANG_WARN_QUOTED_INCLUDE_IN_FRAMEWORK_HEADER = YES;
				CLANG_WARN_RANGE_LOOP_ANALYSIS = YES;
				CLANG_WARN_STRICT_PROTOTYPES = YES;
				CLANG_WARN_SUSPICIOUS_MOVE = YES;
				CLANG_WARN_UNGUARDED_AVAILABILITY = YES_AGGRESSIVE;
				CLANG_WARN_UNREACHABLE_CODE = YES;
				CLANG_WARN__DUPLICATE_METHOD_MATCH = YES;
				COPY_PHASE_STRIP = NO;
				DEBUG_INFORMATION_FORMAT = dwarf;
				ENABLE_STRICT_OBJC_MSGSEND = YES;
				ENABLE_TESTABILITY = YES;
				GCC_C_LANGUAGE_STANDARD = gnu11;
				GCC_DYNAMIC_NO_PIC = NO;
				GCC_NO_COMMON_BLOCKS = YES;
				GCC_OPTIMIZATION_LEVEL = 0;
				GCC_PREPROCESSOR_DEFINITIONS = (
					"DEBUG=1",
					"$(inherited)",
				);
				GCC_WARN_64_TO_32_BIT_CONVERSION = YES;
				GCC_WARN_ABOUT_RETURN_TYPE = YES_ERROR;
				GCC_WARN_UNDECLARED_SELECTOR = YES;
				GCC_WARN_UNINITIALIZED_AUTOS = YES_AGGRESSIVE;
				GCC_WARN_UNUSED_FUNCTION = YES;
				GCC_WARN_UNUSED_VARIABLE = YES;
				IPHONEOS_DEPLOYMENT_TARGET = 15.5;
				MTL_ENABLE_DEBUG_INFO = INCLUDE_SOURCE;
				MTL_FAST_MATH = YES;
				ONLY_ACTIVE_ARCH = YES;
				SDKROOT = iphoneos;
				SWIFT_ACTIVE_COMPILATION_CONDITIONS = DEBUG;
				SWIFT_OPTIMIZATION_LEVEL = "-Onone";
			};
			name = Debug;
		};
		71004F35289149160051795C /* Release */ = {
			isa = XCBuildConfiguration;
			buildSettings = {
				ALWAYS_SEARCH_USER_PATHS = NO;
				CLANG_ANALYZER_NONNULL = YES;
				CLANG_ANALYZER_NUMBER_OBJECT_CONVERSION = YES_AGGRESSIVE;
				CLANG_CXX_LANGUAGE_STANDARD = "gnu++17";
				CLANG_ENABLE_MODULES = YES;
				CLANG_ENABLE_OBJC_ARC = YES;
				CLANG_ENABLE_OBJC_WEAK = YES;
				CLANG_WARN_BLOCK_CAPTURE_AUTORELEASING = YES;
				CLANG_WARN_BOOL_CONVERSION = YES;
				CLANG_WARN_COMMA = YES;
				CLANG_WARN_CONSTANT_CONVERSION = YES;
				CLANG_WARN_DEPRECATED_OBJC_IMPLEMENTATIONS = YES;
				CLANG_WARN_DIRECT_OBJC_ISA_USAGE = YES_ERROR;
				CLANG_WARN_DOCUMENTATION_COMMENTS = YES;
				CLANG_WARN_EMPTY_BODY = YES;
				CLANG_WARN_ENUM_CONVERSION = YES;
				CLANG_WARN_INFINITE_RECURSION = YES;
				CLANG_WARN_INT_CONVERSION = YES;
				CLANG_WARN_NON_LITERAL_NULL_CONVERSION = YES;
				CLANG_WARN_OBJC_IMPLICIT_RETAIN_SELF = YES;
				CLANG_WARN_OBJC_LITERAL_CONVERSION = YES;
				CLANG_WARN_OBJC_ROOT_CLASS = YES_ERROR;
				CLANG_WARN_QUOTED_INCLUDE_IN_FRAMEWORK_HEADER = YES;
				CLANG_WARN_RANGE_LOOP_ANALYSIS = YES;
				CLANG_WARN_STRICT_PROTOTYPES = YES;
				CLANG_WARN_SUSPICIOUS_MOVE = YES;
				CLANG_WARN_UNGUARDED_AVAILABILITY = YES_AGGRESSIVE;
				CLANG_WARN_UNREACHABLE_CODE = YES;
				CLANG_WARN__DUPLICATE_METHOD_MATCH = YES;
				COPY_PHASE_STRIP = NO;
				DEBUG_INFORMATION_FORMAT = "dwarf-with-dsym";
				ENABLE_NS_ASSERTIONS = NO;
				ENABLE_STRICT_OBJC_MSGSEND = YES;
				GCC_C_LANGUAGE_STANDARD = gnu11;
				GCC_NO_COMMON_BLOCKS = YES;
				GCC_WARN_64_TO_32_BIT_CONVERSION = YES;
				GCC_WARN_ABOUT_RETURN_TYPE = YES_ERROR;
				GCC_WARN_UNDECLARED_SELECTOR = YES;
				GCC_WARN_UNINITIALIZED_AUTOS = YES_AGGRESSIVE;
				GCC_WARN_UNUSED_FUNCTION = YES;
				GCC_WARN_UNUSED_VARIABLE = YES;
				IPHONEOS_DEPLOYMENT_TARGET = 15.5;
				MTL_ENABLE_DEBUG_INFO = NO;
				MTL_FAST_MATH = YES;
				SDKROOT = iphoneos;
				SWIFT_COMPILATION_MODE = wholemodule;
				SWIFT_OPTIMIZATION_LEVEL = "-O";
				VALIDATE_PRODUCT = YES;
			};
			name = Release;
		};
		71004F37289149160051795C /* Debug */ = {
			isa = XCBuildConfiguration;
			buildSettings = {
				ASSETCATALOG_COMPILER_APPICON_NAME = AppIcon;
				ASSETCATALOG_COMPILER_GLOBAL_ACCENT_COLOR_NAME = AccentColor;
				CODE_SIGN_STYLE = Automatic;
				CURRENT_PROJECT_VERSION = 1;
				DEVELOPMENT_ASSET_PATHS = "\"binding/Preview Content\"";
				DEVELOPMENT_TEAM = R763TD6HSW;
				ENABLE_PREVIEWS = YES;
				GENERATE_INFOPLIST_FILE = YES;
				INFOPLIST_KEY_UIApplicationSceneManifest_Generation = YES;
				INFOPLIST_KEY_UIApplicationSupportsIndirectInputEvents = YES;
				INFOPLIST_KEY_UILaunchScreen_Generation = YES;
				INFOPLIST_KEY_UISupportedInterfaceOrientations_iPad = "UIInterfaceOrientationPortrait UIInterfaceOrientationPortraitUpsideDown UIInterfaceOrientationLandscapeLeft UIInterfaceOrientationLandscapeRight";
				INFOPLIST_KEY_UISupportedInterfaceOrientations_iPhone = "UIInterfaceOrientationPortrait UIInterfaceOrientationLandscapeLeft UIInterfaceOrientationLandscapeRight";
				LD_RUNPATH_SEARCH_PATHS = (
					"$(inherited)",
					"@executable_path/Frameworks",
				);
				MARKETING_VERSION = 1.0;
				PRODUCT_BUNDLE_IDENTIFIER = com.binding;
				PRODUCT_NAME = "$(TARGET_NAME)";
				SWIFT_EMIT_LOC_STRINGS = YES;
				SWIFT_VERSION = 5.0;
				TARGETED_DEVICE_FAMILY = "1,2";
			};
			name = Debug;
		};
		71004F38289149160051795C /* Release */ = {
			isa = XCBuildConfiguration;
			buildSettings = {
				ASSETCATALOG_COMPILER_APPICON_NAME = AppIcon;
				ASSETCATALOG_COMPILER_GLOBAL_ACCENT_COLOR_NAME = AccentColor;
				CODE_SIGN_STYLE = Automatic;
				CURRENT_PROJECT_VERSION = 1;
				DEVELOPMENT_ASSET_PATHS = "\"binding/Preview Content\"";
				DEVELOPMENT_TEAM = R763TD6HSW;
				ENABLE_PREVIEWS = YES;
				GENERATE_INFOPLIST_FILE = YES;
				INFOPLIST_KEY_UIApplicationSceneManifest_Generation = YES;
				INFOPLIST_KEY_UIApplicationSupportsIndirectInputEvents = YES;
				INFOPLIST_KEY_UILaunchScreen_Generation = YES;
				INFOPLIST_KEY_UISupportedInterfaceOrientations_iPad = "UIInterfaceOrientationPortrait UIInterfaceOrientationPortraitUpsideDown UIInterfaceOrientationLandscapeLeft UIInterfaceOrientationLandscapeRight";
				INFOPLIST_KEY_UISupportedInterfaceOrientations_iPhone = "UIInterfaceOrientationPortrait UIInterfaceOrientationLandscapeLeft UIInterfaceOrientationLandscapeRight";
				LD_RUNPATH_SEARCH_PATHS = (
					"$(inherited)",
					"@executable_path/Frameworks",
				);
				MARKETING_VERSION = 1.0;
				PRODUCT_BUNDLE_IDENTIFIER = com.binding;
				PRODUCT_NAME = "$(TARGET_NAME)";
				SWIFT_EMIT_LOC_STRINGS = YES;
				SWIFT_VERSION = 5.0;
				TARGETED_DEVICE_FAMILY = "1,2";
			};
			name = Release;
		};
		71004F3A289149160051795C /* Debug */ = {
			isa = XCBuildConfiguration;
			buildSettings = {
				ALWAYS_EMBED_SWIFT_STANDARD_LIBRARIES = YES;
				BUNDLE_LOADER = "$(TEST_HOST)";
				CODE_SIGN_STYLE = Automatic;
				CURRENT_PROJECT_VERSION = 1;
				DEVELOPMENT_TEAM = R763TD6HSW;
				GENERATE_INFOPLIST_FILE = YES;
				IPHONEOS_DEPLOYMENT_TARGET = 15.5;
				MARKETING_VERSION = 1.0;
				PRODUCT_BUNDLE_IDENTIFIER = com.bindingTests;
				PRODUCT_NAME = "$(TARGET_NAME)";
				SWIFT_EMIT_LOC_STRINGS = NO;
				SWIFT_VERSION = 5.0;
				TARGETED_DEVICE_FAMILY = "1,2";
				TEST_HOST = "$(BUILT_PRODUCTS_DIR)/binding.app/binding";
			};
			name = Debug;
		};
		71004F3B289149160051795C /* Release */ = {
			isa = XCBuildConfiguration;
			buildSettings = {
				ALWAYS_EMBED_SWIFT_STANDARD_LIBRARIES = YES;
				BUNDLE_LOADER = "$(TEST_HOST)";
				CODE_SIGN_STYLE = Automatic;
				CURRENT_PROJECT_VERSION = 1;
				DEVELOPMENT_TEAM = R763TD6HSW;
				GENERATE_INFOPLIST_FILE = YES;
				IPHONEOS_DEPLOYMENT_TARGET = 15.5;
				MARKETING_VERSION = 1.0;
				PRODUCT_BUNDLE_IDENTIFIER = com.bindingTests;
				PRODUCT_NAME = "$(TARGET_NAME)";
				SWIFT_EMIT_LOC_STRINGS = NO;
				SWIFT_VERSION = 5.0;
				TARGETED_DEVICE_FAMILY = "1,2";
				TEST_HOST = "$(BUILT_PRODUCTS_DIR)/binding.app/binding";
			};
			name = Release;
		};
		71004F3D289149160051795C /* Debug */ = {
			isa = XCBuildConfiguration;
			buildSettings = {
				ALWAYS_EMBED_SWIFT_STANDARD_LIBRARIES = YES;
				CODE_SIGN_STYLE = Automatic;
				CURRENT_PROJECT_VERSION = 1;
				DEVELOPMENT_TEAM = R763TD6HSW;
				GENERATE_INFOPLIST_FILE = YES;
				MARKETING_VERSION = 1.0;
				PRODUCT_BUNDLE_IDENTIFIER = com.bindingUITests;
				PRODUCT_NAME = "$(TARGET_NAME)";
				SWIFT_EMIT_LOC_STRINGS = NO;
				SWIFT_VERSION = 5.0;
				TARGETED_DEVICE_FAMILY = "1,2";
				TEST_TARGET_NAME = binding;
			};
			name = Debug;
		};
		71004F3E289149160051795C /* Release */ = {
			isa = XCBuildConfiguration;
			buildSettings = {
				ALWAYS_EMBED_SWIFT_STANDARD_LIBRARIES = YES;
				CODE_SIGN_STYLE = Automatic;
				CURRENT_PROJECT_VERSION = 1;
				DEVELOPMENT_TEAM = R763TD6HSW;
				GENERATE_INFOPLIST_FILE = YES;
				MARKETING_VERSION = 1.0;
				PRODUCT_BUNDLE_IDENTIFIER = com.bindingUITests;
				PRODUCT_NAME = "$(TARGET_NAME)";
				SWIFT_EMIT_LOC_STRINGS = NO;
				SWIFT_VERSION = 5.0;
				TARGETED_DEVICE_FAMILY = "1,2";
				TEST_TARGET_NAME = binding;
			};
			name = Release;
		};
/* End XCBuildConfiguration section */

/* Begin XCConfigurationList section */
		71004F0D289149140051795C /* Build configuration list for PBXProject "binding" */ = {
			isa = XCConfigurationList;
			buildConfigurations = (
				71004F34289149160051795C /* Debug */,
				71004F35289149160051795C /* Release */,
			);
			defaultConfigurationIsVisible = 0;
			defaultConfigurationName = Release;
		};
		71004F36289149160051795C /* Build configuration list for PBXNativeTarget "binding" */ = {
			isa = XCConfigurationList;
			buildConfigurations = (
				71004F37289149160051795C /* Debug */,
				71004F38289149160051795C /* Release */,
			);
			defaultConfigurationIsVisible = 0;
			defaultConfigurationName = Release;
		};
		71004F39289149160051795C /* Build configuration list for PBXNativeTarget "bindingTests" */ = {
			isa = XCConfigurationList;
			buildConfigurations = (
				71004F3A289149160051795C /* Debug */,
				71004F3B289149160051795C /* Release */,
			);
			defaultConfigurationIsVisible = 0;
			defaultConfigurationName = Release;
		};
		71004F3C289149160051795C /* Build configuration list for PBXNativeTarget "bindingUITests" */ = {
			isa = XCConfigurationList;
			buildConfigurations = (
				71004F3D289149160051795C /* Debug */,
				71004F3E289149160051795C /* Release */,
			);
			defaultConfigurationIsVisible = 0;
			defaultConfigurationName = Release;
		};
/* End XCConfigurationList section */
	};
	rootObject = 71004F0A289149140051795C /* Project object */;
}
